
Microsoft Visual Studio Solution File, Format Version 12.00
# Visual Studio Version 16
VisualStudioVersion = 16.0.31205.134
MinimumVisualStudioVersion = 10.0.40219.1
Project("{FAE04EC0-301F-11D3-BF4B-00C04F79EFBC}") = "PokerStarAssessment", "PokerStarAssessment.csproj", "{DF3CC5A8-888B-42FF-8103-2CE7C92BAFEF}"
EndProject
Global
	GlobalSection(SolutionConfigurationPlatforms) = preSolution
		Debug|Any CPU = Debug|Any CPU
		Release|Any CPU = Release|Any CPU
	EndGlobalSection
	GlobalSection(ProjectConfigurationPlatforms) = postSolution
		{DF3CC5A8-888B-42FF-8103-2CE7C92BAFEF}.Debug|Any CPU.ActiveCfg = Debug|Any CPU
		{DF3CC5A8-888B-42FF-8103-2CE7C92BAFEF}.Debug|Any CPU.Build.0 = Debug|Any CPU
		{DF3CC5A8-888B-42FF-8103-2CE7C92BAFEF}.Release|Any CPU.ActiveCfg = Release|Any CPU
		{DF3CC5A8-888B-42FF-8103-2CE7C92BAFEF}.Release|Any CPU.Build.0 = Release|Any CPU
	EndGlobalSection
	GlobalSection(SolutionProperties) = preSolution
		HideSolutionNode = FALSE
	EndGlobalSection
	GlobalSection(ExtensibilityGlobals) = postSolution
		SolutionGuid = {E9B0203F-A8CA-4974-96EB-5AE043FA8EDF}
	EndGlobalSection
EndGlobal
